// !$*UTF8*$!
{
	archiveVersion = 1;
	classes = {
	};
	objectVersion = 56;
	objects = {

/* Begin PBXBuildFile section */
		C5CA8FE42B8DCB6A004EE68C /* AppDelegate.swift in Sources */ = {isa = PBXBuildFile; fileRef = C5CA8FE32B8DCB6A004EE68C /* AppDelegate.swift */; };
		C5CA8FE62B8DCB6A004EE68C /* SceneDelegate.swift in Sources */ = {isa = PBXBuildFile; fileRef = C5CA8FE52B8DCB6A004EE68C /* SceneDelegate.swift */; };
		C5CA8FE82B8DCB6A004EE68C /* ViewController.swift in Sources */ = {isa = PBXBuildFile; fileRef = C5CA8FE72B8DCB6A004EE68C /* ViewController.swift */; };
		C5CA8FEB2B8DCB6A004EE68C /* Main.storyboard in Resources */ = {isa = PBXBuildFile; fileRef = C5CA8FE92B8DCB6A004EE68C /* Main.storyboard */; };
		C5CA8FED2B8DCB6C004EE68C /* Assets.xcassets in Resources */ = {isa = PBXBuildFile; fileRef = C5CA8FEC2B8DCB6C004EE68C /* Assets.xcassets */; };
		C5CA8FF02B8DCB6C004EE68C /* LaunchScreen.storyboard in Resources */ = {isa = PBXBuildFile; fileRef = C5CA8FEE2B8DCB6C004EE68C /* LaunchScreen.storyboard */; };
		C5CA8FF82B8DCC61004EE68C /* UIColor+.swift in Sources */ = {isa = PBXBuildFile; fileRef = C5CA8FF72B8DCC61004EE68C /* UIColor+.swift */; };
		C5CA8FFE2B8DCDE5004EE68C /* StartViewController.swift in Sources */ = {isa = PBXBuildFile; fileRef = C5CA8FFD2B8DCDE5004EE68C /* StartViewController.swift */; };
		C5CA90012B8DCE5D004EE68C /* SnapKit in Frameworks */ = {isa = PBXBuildFile; productRef = C5CA90002B8DCE5D004EE68C /* SnapKit */; };
		C5CA90062B8DCF80004EE68C /* Then in Frameworks */ = {isa = PBXBuildFile; productRef = C5CA90052B8DCF80004EE68C /* Then */; };
		C5CA90112B8DE2D2004EE68C /* AppCoordinator.swift in Sources */ = {isa = PBXBuildFile; fileRef = C5CA90102B8DE2D2004EE68C /* AppCoordinator.swift */; };
		C5CA90182B8DE9CA004EE68C /* HomeViewController.swift in Sources */ = {isa = PBXBuildFile; fileRef = C5CA90172B8DE9CA004EE68C /* HomeViewController.swift */; };
		C5CA901C2B8DEE13004EE68C /* MoneyViewController.swift in Sources */ = {isa = PBXBuildFile; fileRef = C5CA901B2B8DEE13004EE68C /* MoneyViewController.swift */; };
		C5CA901E2B8DEE3D004EE68C /* SettingViewController.swift in Sources */ = {isa = PBXBuildFile; fileRef = C5CA901D2B8DEE3D004EE68C /* SettingViewController.swift */; };
		C5CA90302B8ED30A004EE68C /* LoginViewController.swift in Sources */ = {isa = PBXBuildFile; fileRef = C5CA902F2B8ED30A004EE68C /* LoginViewController.swift */; };
		C5CA90322B8ED314004EE68C /* LoginCoordinator.swift in Sources */ = {isa = PBXBuildFile; fileRef = C5CA90312B8ED314004EE68C /* LoginCoordinator.swift */; };
		C5CA90352B8EFD42004EE68C /* ContactViewController.swift in Sources */ = {isa = PBXBuildFile; fileRef = C5CA90342B8EFD42004EE68C /* ContactViewController.swift */; };
		C5CA90382B8F0B7A004EE68C /* ConnectViewController.swift in Sources */ = {isa = PBXBuildFile; fileRef = C5CA90372B8F0B7A004EE68C /* ConnectViewController.swift */; };
		C5CA903E2B901363004EE68C /* CustomTabBarController.swift in Sources */ = {isa = PBXBuildFile; fileRef = C5CA903D2B901363004EE68C /* CustomTabBarController.swift */; };
		C5CA90402B90147B004EE68C /* CalendarViewController.swift in Sources */ = {isa = PBXBuildFile; fileRef = C5CA903F2B90147B004EE68C /* CalendarViewController.swift */; };
		C5CA90432B904378004EE68C /* FSCalendar in Frameworks */ = {isa = PBXBuildFile; productRef = C5CA90422B904378004EE68C /* FSCalendar */; };
		C5CA90452B90472E004EE68C /* TabItem.swift in Sources */ = {isa = PBXBuildFile; fileRef = C5CA90442B90472E004EE68C /* TabItem.swift */; };
		C5CA90472B90478E004EE68C /* CustomTabBar.swift in Sources */ = {isa = PBXBuildFile; fileRef = C5CA90462B90478E004EE68C /* CustomTabBar.swift */; };
		C5CA90492B9047AC004EE68C /* UIControl+.swift in Sources */ = {isa = PBXBuildFile; fileRef = C5CA90482B9047AC004EE68C /* UIControl+.swift */; };
		C5CA904B2B9047C1004EE68C /* UIImage+.swift in Sources */ = {isa = PBXBuildFile; fileRef = C5CA904A2B9047C1004EE68C /* UIImage+.swift */; };
		C5CA90522B9049A4004EE68C /* RxCocoa in Frameworks */ = {isa = PBXBuildFile; productRef = C5CA90512B9049A4004EE68C /* RxCocoa */; };
		C5CA90562B9049A4004EE68C /* RxRelay in Frameworks */ = {isa = PBXBuildFile; productRef = C5CA90552B9049A4004EE68C /* RxRelay */; };
/* End PBXBuildFile section */

/* Begin PBXFileReference section */
		C5CA8FE02B8DCB6A004EE68C /* Money-Schedule.app */ = {isa = PBXFileReference; explicitFileType = wrapper.application; includeInIndex = 0; path = "Money-Schedule.app"; sourceTree = BUILT_PRODUCTS_DIR; };
		C5CA8FE32B8DCB6A004EE68C /* AppDelegate.swift */ = {isa = PBXFileReference; lastKnownFileType = sourcecode.swift; path = AppDelegate.swift; sourceTree = "<group>"; };
		C5CA8FE52B8DCB6A004EE68C /* SceneDelegate.swift */ = {isa = PBXFileReference; lastKnownFileType = sourcecode.swift; path = SceneDelegate.swift; sourceTree = "<group>"; };
		C5CA8FE72B8DCB6A004EE68C /* ViewController.swift */ = {isa = PBXFileReference; lastKnownFileType = sourcecode.swift; path = ViewController.swift; sourceTree = "<group>"; };
		C5CA8FEA2B8DCB6A004EE68C /* Base */ = {isa = PBXFileReference; lastKnownFileType = file.storyboard; name = Base; path = Base.lproj/Main.storyboard; sourceTree = "<group>"; };
		C5CA8FEC2B8DCB6C004EE68C /* Assets.xcassets */ = {isa = PBXFileReference; lastKnownFileType = folder.assetcatalog; path = Assets.xcassets; sourceTree = "<group>"; };
		C5CA8FEF2B8DCB6C004EE68C /* Base */ = {isa = PBXFileReference; lastKnownFileType = file.storyboard; name = Base; path = Base.lproj/LaunchScreen.storyboard; sourceTree = "<group>"; };
		C5CA8FF12B8DCB6C004EE68C /* Info.plist */ = {isa = PBXFileReference; lastKnownFileType = text.plist.xml; path = Info.plist; sourceTree = "<group>"; };
		C5CA8FF72B8DCC61004EE68C /* UIColor+.swift */ = {isa = PBXFileReference; lastKnownFileType = sourcecode.swift; path = "UIColor+.swift"; sourceTree = "<group>"; };
		C5CA8FFD2B8DCDE5004EE68C /* StartViewController.swift */ = {isa = PBXFileReference; lastKnownFileType = sourcecode.swift; path = StartViewController.swift; sourceTree = "<group>"; };
		C5CA90102B8DE2D2004EE68C /* AppCoordinator.swift */ = {isa = PBXFileReference; lastKnownFileType = sourcecode.swift; path = AppCoordinator.swift; sourceTree = "<group>"; };
		C5CA90172B8DE9CA004EE68C /* HomeViewController.swift */ = {isa = PBXFileReference; lastKnownFileType = sourcecode.swift; path = HomeViewController.swift; sourceTree = "<group>"; };
		C5CA901B2B8DEE13004EE68C /* MoneyViewController.swift */ = {isa = PBXFileReference; lastKnownFileType = sourcecode.swift; path = MoneyViewController.swift; sourceTree = "<group>"; };
		C5CA901D2B8DEE3D004EE68C /* SettingViewController.swift */ = {isa = PBXFileReference; lastKnownFileType = sourcecode.swift; path = SettingViewController.swift; sourceTree = "<group>"; };
		C5CA902F2B8ED30A004EE68C /* LoginViewController.swift */ = {isa = PBXFileReference; lastKnownFileType = sourcecode.swift; path = LoginViewController.swift; sourceTree = "<group>"; };
		C5CA90312B8ED314004EE68C /* LoginCoordinator.swift */ = {isa = PBXFileReference; lastKnownFileType = sourcecode.swift; path = LoginCoordinator.swift; sourceTree = "<group>"; };
		C5CA90342B8EFD42004EE68C /* ContactViewController.swift */ = {isa = PBXFileReference; lastKnownFileType = sourcecode.swift; path = ContactViewController.swift; sourceTree = "<group>"; };
		C5CA90372B8F0B7A004EE68C /* ConnectViewController.swift */ = {isa = PBXFileReference; lastKnownFileType = sourcecode.swift; path = ConnectViewController.swift; sourceTree = "<group>"; };
		C5CA903D2B901363004EE68C /* CustomTabBarController.swift */ = {isa = PBXFileReference; lastKnownFileType = sourcecode.swift; path = CustomTabBarController.swift; sourceTree = "<group>"; };
		C5CA903F2B90147B004EE68C /* CalendarViewController.swift */ = {isa = PBXFileReference; lastKnownFileType = sourcecode.swift; path = CalendarViewController.swift; sourceTree = "<group>"; };
		C5CA90442B90472E004EE68C /* TabItem.swift */ = {isa = PBXFileReference; lastKnownFileType = sourcecode.swift; path = TabItem.swift; sourceTree = "<group>"; };
		C5CA90462B90478E004EE68C /* CustomTabBar.swift */ = {isa = PBXFileReference; lastKnownFileType = sourcecode.swift; path = CustomTabBar.swift; sourceTree = "<group>"; };
		C5CA90482B9047AC004EE68C /* UIControl+.swift */ = {isa = PBXFileReference; lastKnownFileType = sourcecode.swift; path = "UIControl+.swift"; sourceTree = "<group>"; };
		C5CA904A2B9047C1004EE68C /* UIImage+.swift */ = {isa = PBXFileReference; lastKnownFileType = sourcecode.swift; path = "UIImage+.swift"; sourceTree = "<group>"; };
/* End PBXFileReference section */

/* Begin PBXFrameworksBuildPhase section */
		C5CA8FDD2B8DCB6A004EE68C /* Frameworks */ = {
			isa = PBXFrameworksBuildPhase;
			buildActionMask = 2147483647;
			files = (
				C5CA90522B9049A4004EE68C /* RxCocoa in Frameworks */,
				C5CA90012B8DCE5D004EE68C /* SnapKit in Frameworks */,
				C5CA90432B904378004EE68C /* FSCalendar in Frameworks */,
				C5CA90062B8DCF80004EE68C /* Then in Frameworks */,
				C5CA90562B9049A4004EE68C /* RxRelay in Frameworks */,
			);
			runOnlyForDeploymentPostprocessing = 0;
		};
/* End PBXFrameworksBuildPhase section */

/* Begin PBXGroup section */
		C5CA8FD72B8DCB6A004EE68C = {
			isa = PBXGroup;
			children = (
				C5CA8FE22B8DCB6A004EE68C /* Money-Schedule */,
				C5CA8FE12B8DCB6A004EE68C /* Products */,
			);
			sourceTree = "<group>";
		};
		C5CA8FE12B8DCB6A004EE68C /* Products */ = {
			isa = PBXGroup;
			children = (
				C5CA8FE02B8DCB6A004EE68C /* Money-Schedule.app */,
			);
			name = Products;
			sourceTree = "<group>";
		};
		C5CA8FE22B8DCB6A004EE68C /* Money-Schedule */ = {
			isa = PBXGroup;
			children = (
				C5CA901F2B8DF25D004EE68C /* Application */,
				C5CA90122B8DE393004EE68C /* Coordinator */,
				C5CA90072B8DD52D004EE68C /* TabBar */,
				C5CA8FFC2B8DCCF6004EE68C /* View */,
				C5CA8FF92B8DCC6A004EE68C /* Extension */,
				C5CA8FE32B8DCB6A004EE68C /* AppDelegate.swift */,
				C5CA8FE52B8DCB6A004EE68C /* SceneDelegate.swift */,
				C5CA8FE72B8DCB6A004EE68C /* ViewController.swift */,
				C5CA8FE92B8DCB6A004EE68C /* Main.storyboard */,
				C5CA8FEC2B8DCB6C004EE68C /* Assets.xcassets */,
				C5CA8FEE2B8DCB6C004EE68C /* LaunchScreen.storyboard */,
				C5CA8FF12B8DCB6C004EE68C /* Info.plist */,
			);
			path = "Money-Schedule";
			sourceTree = "<group>";
		};
		C5CA8FF92B8DCC6A004EE68C /* Extension */ = {
			isa = PBXGroup;
			children = (
				C5CA8FF72B8DCC61004EE68C /* UIColor+.swift */,
				C5CA90482B9047AC004EE68C /* UIControl+.swift */,
				C5CA904A2B9047C1004EE68C /* UIImage+.swift */,
			);
			path = Extension;
			sourceTree = "<group>";
		};
		C5CA8FFC2B8DCCF6004EE68C /* View */ = {
			isa = PBXGroup;
			children = (
				C5CA90362B8F0B48004EE68C /* Connect */,
				C5CA90332B8EFD36004EE68C /* Contact */,
				C5CA902E2B8ED2FF004EE68C /* Start */,
				C5CA8FFD2B8DCDE5004EE68C /* StartViewController.swift */,
				C5CA90172B8DE9CA004EE68C /* HomeViewController.swift */,
				C5CA901B2B8DEE13004EE68C /* MoneyViewController.swift */,
				C5CA901D2B8DEE3D004EE68C /* SettingViewController.swift */,
				C5CA903F2B90147B004EE68C /* CalendarViewController.swift */,
			);
			path = View;
			sourceTree = "<group>";
		};
		C5CA90072B8DD52D004EE68C /* TabBar */ = {
			isa = PBXGroup;
			children = (
				C5CA903D2B901363004EE68C /* CustomTabBarController.swift */,
				C5CA90442B90472E004EE68C /* TabItem.swift */,
				C5CA90462B90478E004EE68C /* CustomTabBar.swift */,
			);
			path = TabBar;
			sourceTree = "<group>";
		};
		C5CA90122B8DE393004EE68C /* Coordinator */ = {
			isa = PBXGroup;
			children = (
			);
			path = Coordinator;
			sourceTree = "<group>";
		};
		C5CA901F2B8DF25D004EE68C /* Application */ = {
			isa = PBXGroup;
			children = (
				C5CA90102B8DE2D2004EE68C /* AppCoordinator.swift */,
			);
			path = Application;
			sourceTree = "<group>";
		};
		C5CA902E2B8ED2FF004EE68C /* Start */ = {
			isa = PBXGroup;
			children = (
				C5CA902F2B8ED30A004EE68C /* LoginViewController.swift */,
				C5CA90312B8ED314004EE68C /* LoginCoordinator.swift */,
			);
			path = Start;
			sourceTree = "<group>";
		};
		C5CA90332B8EFD36004EE68C /* Contact */ = {
			isa = PBXGroup;
			children = (
				C5CA90342B8EFD42004EE68C /* ContactViewController.swift */,
			);
			path = Contact;
			sourceTree = "<group>";
		};
		C5CA90362B8F0B48004EE68C /* Connect */ = {
			isa = PBXGroup;
			children = (
				C5CA90372B8F0B7A004EE68C /* ConnectViewController.swift */,
			);
			path = Connect;
			sourceTree = "<group>";
		};
/* End PBXGroup section */

/* Begin PBXNativeTarget section */
		C5CA8FDF2B8DCB6A004EE68C /* Money-Schedule */ = {
			isa = PBXNativeTarget;
			buildConfigurationList = C5CA8FF42B8DCB6C004EE68C /* Build configuration list for PBXNativeTarget "Money-Schedule" */;
			buildPhases = (
				C5CA8FDC2B8DCB6A004EE68C /* Sources */,
				C5CA8FDD2B8DCB6A004EE68C /* Frameworks */,
				C5CA8FDE2B8DCB6A004EE68C /* Resources */,
			);
			buildRules = (
			);
			dependencies = (
			);
			name = "Money-Schedule";
			packageProductDependencies = (
				C5CA90002B8DCE5D004EE68C /* SnapKit */,
				C5CA90052B8DCF80004EE68C /* Then */,
				C5CA90422B904378004EE68C /* FSCalendar */,
				C5CA90512B9049A4004EE68C /* RxCocoa */,
				C5CA90552B9049A4004EE68C /* RxRelay */,
			);
			productName = "Money-Schedule";
			productReference = C5CA8FE02B8DCB6A004EE68C /* Money-Schedule.app */;
			productType = "com.apple.product-type.application";
		};
/* End PBXNativeTarget section */

/* Begin PBXProject section */
		C5CA8FD82B8DCB6A004EE68C /* Project object */ = {
			isa = PBXProject;
			attributes = {
				BuildIndependentTargetsInParallel = 1;
				LastSwiftUpdateCheck = 1510;
				LastUpgradeCheck = 1510;
				TargetAttributes = {
					C5CA8FDF2B8DCB6A004EE68C = {
						CreatedOnToolsVersion = 15.1;
					};
				};
			};
			buildConfigurationList = C5CA8FDB2B8DCB6A004EE68C /* Build configuration list for PBXProject "Money-Schedule" */;
			compatibilityVersion = "Xcode 14.0";
			developmentRegion = en;
			hasScannedForEncodings = 0;
			knownRegions = (
				en,
				Base,
			);
			mainGroup = C5CA8FD72B8DCB6A004EE68C;
			packageReferences = (
				C5CA8FFF2B8DCE5D004EE68C /* XCRemoteSwiftPackageReference "SnapKit" */,
				C5CA90042B8DCF80004EE68C /* XCRemoteSwiftPackageReference "Then" */,
				C5CA90412B904378004EE68C /* XCRemoteSwiftPackageReference "FSCalendar" */,
				C5CA904C2B9049A4004EE68C /* XCRemoteSwiftPackageReference "RxSwift" */,
			);
			productRefGroup = C5CA8FE12B8DCB6A004EE68C /* Products */;
			projectDirPath = "";
			projectRoot = "";
			targets = (
				C5CA8FDF2B8DCB6A004EE68C /* Money-Schedule */,
			);
		};
/* End PBXProject section */

/* Begin PBXResourcesBuildPhase section */
		C5CA8FDE2B8DCB6A004EE68C /* Resources */ = {
			isa = PBXResourcesBuildPhase;
			buildActionMask = 2147483647;
			files = (
				C5CA8FF02B8DCB6C004EE68C /* LaunchScreen.storyboard in Resources */,
				C5CA8FED2B8DCB6C004EE68C /* Assets.xcassets in Resources */,
				C5CA8FEB2B8DCB6A004EE68C /* Main.storyboard in Resources */,
			);
			runOnlyForDeploymentPostprocessing = 0;
		};
/* End PBXResourcesBuildPhase section */

/* Begin PBXSourcesBuildPhase section */
		C5CA8FDC2B8DCB6A004EE68C /* Sources */ = {
			isa = PBXSourcesBuildPhase;
			buildActionMask = 2147483647;
			files = (
				C5CA90402B90147B004EE68C /* CalendarViewController.swift in Sources */,
				C5CA90112B8DE2D2004EE68C /* AppCoordinator.swift in Sources */,
				C5CA90382B8F0B7A004EE68C /* ConnectViewController.swift in Sources */,
				C5CA901E2B8DEE3D004EE68C /* SettingViewController.swift in Sources */,
				C5CA904B2B9047C1004EE68C /* UIImage+.swift in Sources */,
				C5CA901C2B8DEE13004EE68C /* MoneyViewController.swift in Sources */,
				C5CA8FFE2B8DCDE5004EE68C /* StartViewController.swift in Sources */,
				C5CA90302B8ED30A004EE68C /* LoginViewController.swift in Sources */,
				C5CA8FE82B8DCB6A004EE68C /* ViewController.swift in Sources */,
				C5CA8FF82B8DCC61004EE68C /* UIColor+.swift in Sources */,
				C5CA903E2B901363004EE68C /* CustomTabBarController.swift in Sources */,
				C5CA90492B9047AC004EE68C /* UIControl+.swift in Sources */,
				C5CA90322B8ED314004EE68C /* LoginCoordinator.swift in Sources */,
				C5CA90352B8EFD42004EE68C /* ContactViewController.swift in Sources */,
				C5CA90472B90478E004EE68C /* CustomTabBar.swift in Sources */,
				C5CA8FE42B8DCB6A004EE68C /* AppDelegate.swift in Sources */,
				C5CA90182B8DE9CA004EE68C /* HomeViewController.swift in Sources */,
				C5CA90452B90472E004EE68C /* TabItem.swift in Sources */,
				C5CA8FE62B8DCB6A004EE68C /* SceneDelegate.swift in Sources */,
			);
			runOnlyForDeploymentPostprocessing = 0;
		};
/* End PBXSourcesBuildPhase section */

/* Begin PBXVariantGroup section */
		C5CA8FE92B8DCB6A004EE68C /* Main.storyboard */ = {
			isa = PBXVariantGroup;
			children = (
				C5CA8FEA2B8DCB6A004EE68C /* Base */,
			);
			name = Main.storyboard;
			sourceTree = "<group>";
		};
		C5CA8FEE2B8DCB6C004EE68C /* LaunchScreen.storyboard */ = {
			isa = PBXVariantGroup;
			children = (
				C5CA8FEF2B8DCB6C004EE68C /* Base */,
			);
			name = LaunchScreen.storyboard;
			sourceTree = "<group>";
		};
/* End PBXVariantGroup section */

/* Begin XCBuildConfiguration section */
		C5CA8FF22B8DCB6C004EE68C /* Debug */ = {
			isa = XCBuildConfiguration;
			buildSettings = {
				ALWAYS_SEARCH_USER_PATHS = NO;
				ASSETCATALOG_COMPILER_GENERATE_SWIFT_ASSET_SYMBOL_EXTENSIONS = YES;
				CLANG_ANALYZER_NONNULL = YES;
				CLANG_ANALYZER_NUMBER_OBJECT_CONVERSION = YES_AGGRESSIVE;
				CLANG_CXX_LANGUAGE_STANDARD = "gnu++20";
				CLANG_ENABLE_MODULES = YES;
				CLANG_ENABLE_OBJC_ARC = YES;
				CLANG_ENABLE_OBJC_WEAK = YES;
				CLANG_WARN_BLOCK_CAPTURE_AUTORELEASING = YES;
				CLANG_WARN_BOOL_CONVERSION = YES;
				CLANG_WARN_COMMA = YES;
				CLANG_WARN_CONSTANT_CONVERSION = YES;
				CLANG_WARN_DEPRECATED_OBJC_IMPLEMENTATIONS = YES;
				CLANG_WARN_DIRECT_OBJC_ISA_USAGE = YES_ERROR;
				CLANG_WARN_DOCUMENTATION_COMMENTS = YES;
				CLANG_WARN_EMPTY_BODY = YES;
				CLANG_WARN_ENUM_CONVERSION = YES;
				CLANG_WARN_INFINITE_RECURSION = YES;
				CLANG_WARN_INT_CONVERSION = YES;
				CLANG_WARN_NON_LITERAL_NULL_CONVERSION = YES;
				CLANG_WARN_OBJC_IMPLICIT_RETAIN_SELF = YES;
				CLANG_WARN_OBJC_LITERAL_CONVERSION = YES;
				CLANG_WARN_OBJC_ROOT_CLASS = YES_ERROR;
				CLANG_WARN_QUOTED_INCLUDE_IN_FRAMEWORK_HEADER = YES;
				CLANG_WARN_RANGE_LOOP_ANALYSIS = YES;
				CLANG_WARN_STRICT_PROTOTYPES = YES;
				CLANG_WARN_SUSPICIOUS_MOVE = YES;
				CLANG_WARN_UNGUARDED_AVAILABILITY = YES_AGGRESSIVE;
				CLANG_WARN_UNREACHABLE_CODE = YES;
				CLANG_WARN__DUPLICATE_METHOD_MATCH = YES;
				COPY_PHASE_STRIP = NO;
				DEBUG_INFORMATION_FORMAT = dwarf;
				ENABLE_STRICT_OBJC_MSGSEND = YES;
				ENABLE_TESTABILITY = YES;
				ENABLE_USER_SCRIPT_SANDBOXING = YES;
				GCC_C_LANGUAGE_STANDARD = gnu17;
				GCC_DYNAMIC_NO_PIC = NO;
				GCC_NO_COMMON_BLOCKS = YES;
				GCC_OPTIMIZATION_LEVEL = 0;
				GCC_PREPROCESSOR_DEFINITIONS = (
					"DEBUG=1",
					"$(inherited)",
				);
				GCC_WARN_64_TO_32_BIT_CONVERSION = YES;
				GCC_WARN_ABOUT_RETURN_TYPE = YES_ERROR;
				GCC_WARN_UNDECLARED_SELECTOR = YES;
				GCC_WARN_UNINITIALIZED_AUTOS = YES_AGGRESSIVE;
				GCC_WARN_UNUSED_FUNCTION = YES;
				GCC_WARN_UNUSED_VARIABLE = YES;
				IPHONEOS_DEPLOYMENT_TARGET = 17.2;
				LOCALIZATION_PREFERS_STRING_CATALOGS = YES;
				MTL_ENABLE_DEBUG_INFO = INCLUDE_SOURCE;
				MTL_FAST_MATH = YES;
				ONLY_ACTIVE_ARCH = YES;
				SDKROOT = iphoneos;
				SWIFT_ACTIVE_COMPILATION_CONDITIONS = "DEBUG $(inherited)";
				SWIFT_OPTIMIZATION_LEVEL = "-Onone";
			};
			name = Debug;
		};
		C5CA8FF32B8DCB6C004EE68C /* Release */ = {
			isa = XCBuildConfiguration;
			buildSettings = {
				ALWAYS_SEARCH_USER_PATHS = NO;
				ASSETCATALOG_COMPILER_GENERATE_SWIFT_ASSET_SYMBOL_EXTENSIONS = YES;
				CLANG_ANALYZER_NONNULL = YES;
				CLANG_ANALYZER_NUMBER_OBJECT_CONVERSION = YES_AGGRESSIVE;
				CLANG_CXX_LANGUAGE_STANDARD = "gnu++20";
				CLANG_ENABLE_MODULES = YES;
				CLANG_ENABLE_OBJC_ARC = YES;
				CLANG_ENABLE_OBJC_WEAK = YES;
				CLANG_WARN_BLOCK_CAPTURE_AUTORELEASING = YES;
				CLANG_WARN_BOOL_CONVERSION = YES;
				CLANG_WARN_COMMA = YES;
				CLANG_WARN_CONSTANT_CONVERSION = YES;
				CLANG_WARN_DEPRECATED_OBJC_IMPLEMENTATIONS = YES;
				CLANG_WARN_DIRECT_OBJC_ISA_USAGE = YES_ERROR;
				CLANG_WARN_DOCUMENTATION_COMMENTS = YES;
				CLANG_WARN_EMPTY_BODY = YES;
				CLANG_WARN_ENUM_CONVERSION = YES;
				CLANG_WARN_INFINITE_RECURSION = YES;
				CLANG_WARN_INT_CONVERSION = YES;
				CLANG_WARN_NON_LITERAL_NULL_CONVERSION = YES;
				CLANG_WARN_OBJC_IMPLICIT_RETAIN_SELF = YES;
				CLANG_WARN_OBJC_LITERAL_CONVERSION = YES;
				CLANG_WARN_OBJC_ROOT_CLASS = YES_ERROR;
				CLANG_WARN_QUOTED_INCLUDE_IN_FRAMEWORK_HEADER = YES;
				CLANG_WARN_RANGE_LOOP_ANALYSIS = YES;
				CLANG_WARN_STRICT_PROTOTYPES = YES;
				CLANG_WARN_SUSPICIOUS_MOVE = YES;
				CLANG_WARN_UNGUARDED_AVAILABILITY = YES_AGGRESSIVE;
				CLANG_WARN_UNREACHABLE_CODE = YES;
				CLANG_WARN__DUPLICATE_METHOD_MATCH = YES;
				COPY_PHASE_STRIP = NO;
				DEBUG_INFORMATION_FORMAT = "dwarf-with-dsym";
				ENABLE_NS_ASSERTIONS = NO;
				ENABLE_STRICT_OBJC_MSGSEND = YES;
				ENABLE_USER_SCRIPT_SANDBOXING = YES;
				GCC_C_LANGUAGE_STANDARD = gnu17;
				GCC_NO_COMMON_BLOCKS = YES;
				GCC_WARN_64_TO_32_BIT_CONVERSION = YES;
				GCC_WARN_ABOUT_RETURN_TYPE = YES_ERROR;
				GCC_WARN_UNDECLARED_SELECTOR = YES;
				GCC_WARN_UNINITIALIZED_AUTOS = YES_AGGRESSIVE;
				GCC_WARN_UNUSED_FUNCTION = YES;
				GCC_WARN_UNUSED_VARIABLE = YES;
				IPHONEOS_DEPLOYMENT_TARGET = 17.2;
				LOCALIZATION_PREFERS_STRING_CATALOGS = YES;
				MTL_ENABLE_DEBUG_INFO = NO;
				MTL_FAST_MATH = YES;
				SDKROOT = iphoneos;
				SWIFT_COMPILATION_MODE = wholemodule;
				VALIDATE_PRODUCT = YES;
			};
			name = Release;
		};
		C5CA8FF52B8DCB6C004EE68C /* Debug */ = {
			isa = XCBuildConfiguration;
			buildSettings = {
				ASSETCATALOG_COMPILER_APPICON_NAME = AppIcon;
				ASSETCATALOG_COMPILER_GLOBAL_ACCENT_COLOR_NAME = AccentColor;
				CODE_SIGN_STYLE = Automatic;
				CURRENT_PROJECT_VERSION = 1;
				DEVELOPMENT_TEAM = 385Y9B45N8;
				GENERATE_INFOPLIST_FILE = YES;
				INFOPLIST_FILE = "Money-Schedule/Info.plist";
				INFOPLIST_KEY_UIApplicationSupportsIndirectInputEvents = YES;
				INFOPLIST_KEY_UILaunchStoryboardName = LaunchScreen;
				INFOPLIST_KEY_UIMainStoryboardFile = Main;
				INFOPLIST_KEY_UISupportedInterfaceOrientations_iPad = "UIInterfaceOrientationPortrait UIInterfaceOrientationPortraitUpsideDown UIInterfaceOrientationLandscapeLeft UIInterfaceOrientationLandscapeRight";
				INFOPLIST_KEY_UISupportedInterfaceOrientations_iPhone = "UIInterfaceOrientationPortrait UIInterfaceOrientationLandscapeLeft UIInterfaceOrientationLandscapeRight";
				IPHONEOS_DEPLOYMENT_TARGET = 15.0;
				LD_RUNPATH_SEARCH_PATHS = (
					"$(inherited)",
					"@executable_path/Frameworks",
				);
				MARKETING_VERSION = 1.0;
				PRODUCT_BUNDLE_IDENTIFIER = "com.iOS.Money-Schedule";
				PRODUCT_NAME = "$(TARGET_NAME)";
				SWIFT_EMIT_LOC_STRINGS = YES;
				SWIFT_VERSION = 5.0;
				TARGETED_DEVICE_FAMILY = "1,2";
			};
			name = Debug;
		};
		C5CA8FF62B8DCB6C004EE68C /* Release */ = {
			isa = XCBuildConfiguration;
			buildSettings = {
				ASSETCATALOG_COMPILER_APPICON_NAME = AppIcon;
				ASSETCATALOG_COMPILER_GLOBAL_ACCENT_COLOR_NAME = AccentColor;
				CODE_SIGN_STYLE = Automatic;
				CURRENT_PROJECT_VERSION = 1;
				DEVELOPMENT_TEAM = 385Y9B45N8;
				GENERATE_INFOPLIST_FILE = YES;
				INFOPLIST_FILE = "Money-Schedule/Info.plist";
				INFOPLIST_KEY_UIApplicationSupportsIndirectInputEvents = YES;
				INFOPLIST_KEY_UILaunchStoryboardName = LaunchScreen;
				INFOPLIST_KEY_UIMainStoryboardFile = Main;
				INFOPLIST_KEY_UISupportedInterfaceOrientations_iPad = "UIInterfaceOrientationPortrait UIInterfaceOrientationPortraitUpsideDown UIInterfaceOrientationLandscapeLeft UIInterfaceOrientationLandscapeRight";
				INFOPLIST_KEY_UISupportedInterfaceOrientations_iPhone = "UIInterfaceOrientationPortrait UIInterfaceOrientationLandscapeLeft UIInterfaceOrientationLandscapeRight";
				IPHONEOS_DEPLOYMENT_TARGET = 15.0;
				LD_RUNPATH_SEARCH_PATHS = (
					"$(inherited)",
					"@executable_path/Frameworks",
				);
				MARKETING_VERSION = 1.0;
				PRODUCT_BUNDLE_IDENTIFIER = "com.iOS.Money-Schedule";
				PRODUCT_NAME = "$(TARGET_NAME)";
				SWIFT_EMIT_LOC_STRINGS = YES;
				SWIFT_VERSION = 5.0;
				TARGETED_DEVICE_FAMILY = "1,2";
			};
			name = Release;
		};
/* End XCBuildConfiguration section */

/* Begin XCConfigurationList section */
		C5CA8FDB2B8DCB6A004EE68C /* Build configuration list for PBXProject "Money-Schedule" */ = {
			isa = XCConfigurationList;
			buildConfigurations = (
				C5CA8FF22B8DCB6C004EE68C /* Debug */,
				C5CA8FF32B8DCB6C004EE68C /* Release */,
			);
			defaultConfigurationIsVisible = 0;
			defaultConfigurationName = Release;
		};
		C5CA8FF42B8DCB6C004EE68C /* Build configuration list for PBXNativeTarget "Money-Schedule" */ = {
			isa = XCConfigurationList;
			buildConfigurations = (
				C5CA8FF52B8DCB6C004EE68C /* Debug */,
				C5CA8FF62B8DCB6C004EE68C /* Release */,
			);
			defaultConfigurationIsVisible = 0;
			defaultConfigurationName = Release;
		};
/* End XCConfigurationList section */

/* Begin XCRemoteSwiftPackageReference section */
		C5CA8FFF2B8DCE5D004EE68C /* XCRemoteSwiftPackageReference "SnapKit" */ = {
			isa = XCRemoteSwiftPackageReference;
			repositoryURL = "https://github.com/SnapKit/SnapKit.git";
			requirement = {
				kind = upToNextMajorVersion;
				minimumVersion = 5.0.0;
			};
		};
		C5CA90042B8DCF80004EE68C /* XCRemoteSwiftPackageReference "Then" */ = {
			isa = XCRemoteSwiftPackageReference;
			repositoryURL = "https://github.com/devxoul/Then.git";
			requirement = {
				kind = upToNextMajorVersion;
				minimumVersion = 3.0.0;
			};
		};
		C5CA90412B904378004EE68C /* XCRemoteSwiftPackageReference "FSCalendar" */ = {
			isa = XCRemoteSwiftPackageReference;
			repositoryURL = "https://github.com/WenchaoD/FSCalendar.git";
			requirement = {
				kind = upToNextMajorVersion;
				minimumVersion = 2.8.4;
			};
		};
		C5CA904C2B9049A4004EE68C /* XCRemoteSwiftPackageReference "RxSwift" */ = {
			isa = XCRemoteSwiftPackageReference;
			repositoryURL = "https://github.com/ReactiveX/RxSwift.git";
			requirement = {
				kind = upToNextMajorVersion;
				minimumVersion = 6.6.0;
			};
		};
/* End XCRemoteSwiftPackageReference section */

/* Begin XCSwiftPackageProductDependency section */
		C5CA90002B8DCE5D004EE68C /* SnapKit */ = {
			isa = XCSwiftPackageProductDependency;
			package = C5CA8FFF2B8DCE5D004EE68C /* XCRemoteSwiftPackageReference "SnapKit" */;
			productName = SnapKit;
		};
		C5CA90052B8DCF80004EE68C /* Then */ = {
			isa = XCSwiftPackageProductDependency;
			package = C5CA90042B8DCF80004EE68C /* XCRemoteSwiftPackageReference "Then" */;
			productName = Then;
		};
		C5CA90422B904378004EE68C /* FSCalendar */ = {
			isa = XCSwiftPackageProductDependency;
			package = C5CA90412B904378004EE68C /* XCRemoteSwiftPackageReference "FSCalendar" */;
			productName = FSCalendar;
		};
		C5CA90512B9049A4004EE68C /* RxCocoa */ = {
			isa = XCSwiftPackageProductDependency;
			package = C5CA904C2B9049A4004EE68C /* XCRemoteSwiftPackageReference "RxSwift" */;
			productName = RxCocoa;
		};
		C5CA90552B9049A4004EE68C /* RxRelay */ = {
			isa = XCSwiftPackageProductDependency;
			package = C5CA904C2B9049A4004EE68C /* XCRemoteSwiftPackageReference "RxSwift" */;
			productName = RxRelay;
		};
/* End XCSwiftPackageProductDependency section */
	};
	rootObject = C5CA8FD82B8DCB6A004EE68C /* Project object */;
}
